# THIS IS AN AUTOGENERATED FILE. DO NOT EDIT THIS FILE DIRECTLY.
# yarn lockfile v1


openai@^5.3.0:
  version "5.3.0"
  resolved "https://registry.yarnpkg.com/openai/-/openai-5.3.0.tgz#7d4d48f1f0beb011f66fd0c291749e35465c4b52"
  integrity sha512-VIKmoF7y4oJCDOwP/oHXGzM69+x0dpGFmN9QmYO+uPbLFOmmnwO+x1GbsgUtI+6oraxomGZ566Y421oYVu191w==

typescript@^5.8.3:
  version "5.8.3"
  resolved "https://registry.yarnpkg.com/typescript/-/typescript-5.8.3.tgz#92f8a3e5e3cf497356f4178c34cd65a7f5e8440e"
  integrity sha512-p1diW6TqL9L07nNxvRMM7hMMw4c5XOo/1ibL4aAIGmSAt9slTE1Xgw5KWuof2uTOvCg9BY7ZRi+GaF+7sfgPeQ==
